
Microsoft Visual Studio Solution File, Format Version 12.00
# Visual Studio Version 17
VisualStudioVersion = 17.13.35931.197 d17.13
MinimumVisualStudioVersion = 10.0.40219.1
Project("{FAE04EC0-301F-11D3-BF4B-00C04F79EFBC}") = "video07", "video07\video07.csproj", "{A0A14752-00B7-4396-8744-B25B57023398}"
EndProject
Global
	GlobalSection(SolutionConfigurationPlatforms) = preSolution
		Debug|Any CPU = Debug|Any CPU
		Release|Any CPU = Release|Any CPU
	EndGlobalSection
	GlobalSection(ProjectConfigurationPlatforms) = postSolution
		{A0A14752-00B7-4396-8744-B25B57023398}.Debug|Any CPU.ActiveCfg = Debug|Any CPU
		{A0A14752-00B7-4396-8744-B25B57023398}.Debug|Any CPU.Build.0 = Debug|Any CPU
		{A0A14752-00B7-4396-8744-B25B57023398}.Debug|Any CPU.Deploy.0 = Debug|Any CPU
		{A0A14752-00B7-4396-8744-B25B57023398}.Release|Any CPU.ActiveCfg = Release|Any CPU
		{A0A14752-00B7-4396-8744-B25B57023398}.Release|Any CPU.Build.0 = Release|Any CPU
		{A0A14752-00B7-4396-8744-B25B57023398}.Release|Any CPU.Deploy.0 = Release|Any CPU
	EndGlobalSection
	GlobalSection(SolutionProperties) = preSolution
		HideSolutionNode = FALSE
	EndGlobalSection
	GlobalSection(ExtensibilityGlobals) = postSolution
		SolutionGuid = {C00F9E81-6400-4664-B01B-E5602F355420}
	EndGlobalSection
EndGlobal
